
Microsoft Visual Studio Solution File, Format Version 12.00
# Visual Studio Version 17
VisualStudioVersion = 17.14.36429.23 d17.14
MinimumVisualStudioVersion = 10.0.40219.1
Project("{FAE04EC0-301F-11D3-BF4B-00C04F79EFBC}") = "GestionSocios", "GestionSocios\GestionSocios.csproj", "{F315A3D1-9CA5-453D-902C-6FED17BC960C}"
EndProject
Global
	GlobalSection(SolutionConfigurationPlatforms) = preSolution
		Debug|Any CPU = Debug|Any CPU
		Release|Any CPU = Release|Any CPU
	EndGlobalSection
	GlobalSection(ProjectConfigurationPlatforms) = postSolution
		{F315A3D1-9CA5-453D-902C-6FED17BC960C}.Debug|Any CPU.ActiveCfg = Debug|Any CPU
		{F315A3D1-9CA5-453D-902C-6FED17BC960C}.Debug|Any CPU.Build.0 = Debug|Any CPU
		{F315A3D1-9CA5-453D-902C-6FED17BC960C}.Release|Any CPU.ActiveCfg = Release|Any CPU
		{F315A3D1-9CA5-453D-902C-6FED17BC960C}.Release|Any CPU.Build.0 = Release|Any CPU
	EndGlobalSection
	GlobalSection(SolutionProperties) = preSolution
		HideSolutionNode = FALSE
	EndGlobalSection
	GlobalSection(ExtensibilityGlobals) = postSolution
		SolutionGuid = {2C798591-2F74-41CD-8823-C49D73CD621B}
	EndGlobalSection
EndGlobal
